github.com/google/uuid v1.6.0 h1:NIvaJDMOsjHA8n1jAhLSgzrAzy1Hgr+hNrb57e+94F0=
github.com/google/uuid v1.6.0/go.mod h1:TIyPZe4MgqvfeYDBFedMoGGpEw/LqOeaOT+nhxU+yHo=
github.com/jepsen-io/maelstrom/demo/go v0.0.0-20251128144731-cb7f07239012 h1:j2FpC/930Px9SWIn8lgzxEiEZOvaQ9EUs37+e1QCNLA=
github.com/jepsen-io/maelstrom/demo/go v0.0.0-20251128144731-cb7f07239012/go.mod h1:i6aVIs5AIOOaQF1lAisBm7DDeWM1Iopf+26UxjagsCU=
